
Microsoft Visual Studio Solution File, Format Version 12.00
# Visual Studio Version 17
VisualStudioVersion = 17.0.31903.59
MinimumVisualStudioVersion = 10.0.40219.1
Project("{2150E333-8FDC-42A3-9474-1A3956D46DE8}") = "src", "src", "{827E0CD3-B72D-47B6-A68D-7590B98EB39B}"
EndProject
Project("{FAE04EC0-301F-11D3-BF4B-00C04F79EFBC}") = "CommandLineTools.Parser", "src\CommandLineTools.Parser\CommandLineTools.Parser.csproj", "{F27CF6EB-783F-4659-BDAB-88B80929078E}"
EndProject
Project("{2150E333-8FDC-42A3-9474-1A3956D46DE8}") = "tests", "tests", "{0AB3BF05-4346-4AA6-1389-037BE0695223}"
EndProject
Project("{FAE04EC0-301F-11D3-BF4B-00C04F79EFBC}") = "CommandLineTools.Parser.Tests", "tests\CommandLineTools.Parser.Tests\CommandLineTools.Parser.Tests.csproj", "{E53E996D-1157-4394-B308-656FE8525329}"
EndProject
Project("{FAE04EC0-301F-11D3-BF4B-00C04F79EFBC}") = "CommandLineTools.Echo", "src\CommandLineTools.Echo\CommandLineTools.Echo.csproj", "{ADDDDD8C-6F5D-49A2-B1EF-12C48209AC1A}"
EndProject
Project("{FAE04EC0-301F-11D3-BF4B-00C04F79EFBC}") = "CommandLineTools.Echo.Tests", "tests\CommandLineTools.Echo.Tests\CommandLineTools.Echo.Tests.csproj", "{ABB0F057-8D0A-46DA-8FDF-6A6659E7978F}"
EndProject
Project("{FAE04EC0-301F-11D3-BF4B-00C04F79EFBC}") = "CommandLineTools.Cat", "src\CommandLineTools.Cat\CommandLineTools.Cat.csproj", "{5E21FE4F-525A-445F-99A7-934C52DBF57F}"
EndProject
Project("{FAE04EC0-301F-11D3-BF4B-00C04F79EFBC}") = "CommandLineTools.Cat.Tests", "tests\CommandLineTools.Cat.Tests\CommandLineTools.Cat.Tests.csproj", "{A4FF8F56-5CF2-4E4D-966C-3F1BF8B520DD}"
EndProject
Global
	GlobalSection(SolutionConfigurationPlatforms) = preSolution
		Debug|Any CPU = Debug|Any CPU
		Debug|x64 = Debug|x64
		Debug|x86 = Debug|x86
		Release|Any CPU = Release|Any CPU
		Release|x64 = Release|x64
		Release|x86 = Release|x86
	EndGlobalSection
	GlobalSection(ProjectConfigurationPlatforms) = postSolution
		{F27CF6EB-783F-4659-BDAB-88B80929078E}.Debug|Any CPU.ActiveCfg = Debug|Any CPU
		{F27CF6EB-783F-4659-BDAB-88B80929078E}.Debug|Any CPU.Build.0 = Debug|Any CPU
		{F27CF6EB-783F-4659-BDAB-88B80929078E}.Debug|x64.ActiveCfg = Debug|Any CPU
		{F27CF6EB-783F-4659-BDAB-88B80929078E}.Debug|x64.Build.0 = Debug|Any CPU
		{F27CF6EB-783F-4659-BDAB-88B80929078E}.Debug|x86.ActiveCfg = Debug|Any CPU
		{F27CF6EB-783F-4659-BDAB-88B80929078E}.Debug|x86.Build.0 = Debug|Any CPU
		{F27CF6EB-783F-4659-BDAB-88B80929078E}.Release|Any CPU.ActiveCfg = Release|Any CPU
		{F27CF6EB-783F-4659-BDAB-88B80929078E}.Release|Any CPU.Build.0 = Release|Any CPU
		{F27CF6EB-783F-4659-BDAB-88B80929078E}.Release|x64.ActiveCfg = Release|Any CPU
		{F27CF6EB-783F-4659-BDAB-88B80929078E}.Release|x64.Build.0 = Release|Any CPU
		{F27CF6EB-783F-4659-BDAB-88B80929078E}.Release|x86.ActiveCfg = Release|Any CPU
		{F27CF6EB-783F-4659-BDAB-88B80929078E}.Release|x86.Build.0 = Release|Any CPU
		{E53E996D-1157-4394-B308-656FE8525329}.Debug|Any CPU.ActiveCfg = Debug|Any CPU
		{E53E996D-1157-4394-B308-656FE8525329}.Debug|Any CPU.Build.0 = Debug|Any CPU
		{E53E996D-1157-4394-B308-656FE8525329}.Debug|x64.ActiveCfg = Debug|Any CPU
		{E53E996D-1157-4394-B308-656FE8525329}.Debug|x64.Build.0 = Debug|Any CPU
		{E53E996D-1157-4394-B308-656FE8525329}.Debug|x86.ActiveCfg = Debug|Any CPU
		{E53E996D-1157-4394-B308-656FE8525329}.Debug|x86.Build.0 = Debug|Any CPU
		{E53E996D-1157-4394-B308-656FE8525329}.Release|Any CPU.ActiveCfg = Release|Any CPU
		{E53E996D-1157-4394-B308-656FE8525329}.Release|Any CPU.Build.0 = Release|Any CPU
		{E53E996D-1157-4394-B308-656FE8525329}.Release|x64.ActiveCfg = Release|Any CPU
		{E53E996D-1157-4394-B308-656FE8525329}.Release|x64.Build.0 = Release|Any CPU
		{E53E996D-1157-4394-B308-656FE8525329}.Release|x86.ActiveCfg = Release|Any CPU
		{E53E996D-1157-4394-B308-656FE8525329}.Release|x86.Build.0 = Release|Any CPU
		{ADDDDD8C-6F5D-49A2-B1EF-12C48209AC1A}.Debug|Any CPU.ActiveCfg = Debug|Any CPU
		{ADDDDD8C-6F5D-49A2-B1EF-12C48209AC1A}.Debug|Any CPU.Build.0 = Debug|Any CPU
		{ADDDDD8C-6F5D-49A2-B1EF-12C48209AC1A}.Debug|x64.ActiveCfg = Debug|Any CPU
		{ADDDDD8C-6F5D-49A2-B1EF-12C48209AC1A}.Debug|x64.Build.0 = Debug|Any CPU
		{ADDDDD8C-6F5D-49A2-B1EF-12C48209AC1A}.Debug|x86.ActiveCfg = Debug|Any CPU
		{ADDDDD8C-6F5D-49A2-B1EF-12C48209AC1A}.Debug|x86.Build.0 = Debug|Any CPU
		{ADDDDD8C-6F5D-49A2-B1EF-12C48209AC1A}.Release|Any CPU.ActiveCfg = Release|Any CPU
		{ADDDDD8C-6F5D-49A2-B1EF-12C48209AC1A}.Release|Any CPU.Build.0 = Release|Any CPU
		{ADDDDD8C-6F5D-49A2-B1EF-12C48209AC1A}.Release|x64.ActiveCfg = Release|Any CPU
		{ADDDDD8C-6F5D-49A2-B1EF-12C48209AC1A}.Release|x64.Build.0 = Release|Any CPU
		{ADDDDD8C-6F5D-49A2-B1EF-12C48209AC1A}.Release|x86.ActiveCfg = Release|Any CPU
		{ADDDDD8C-6F5D-49A2-B1EF-12C48209AC1A}.Release|x86.Build.0 = Release|Any CPU
		{ABB0F057-8D0A-46DA-8FDF-6A6659E7978F}.Debug|Any CPU.ActiveCfg = Debug|Any CPU
		{ABB0F057-8D0A-46DA-8FDF-6A6659E7978F}.Debug|Any CPU.Build.0 = Debug|Any CPU
		{ABB0F057-8D0A-46DA-8FDF-6A6659E7978F}.Debug|x64.ActiveCfg = Debug|Any CPU
		{ABB0F057-8D0A-46DA-8FDF-6A6659E7978F}.Debug|x64.Build.0 = Debug|Any CPU
		{ABB0F057-8D0A-46DA-8FDF-6A6659E7978F}.Debug|x86.ActiveCfg = Debug|Any CPU
		{ABB0F057-8D0A-46DA-8FDF-6A6659E7978F}.Debug|x86.Build.0 = Debug|Any CPU
		{ABB0F057-8D0A-46DA-8FDF-6A6659E7978F}.Release|Any CPU.ActiveCfg = Release|Any CPU
		{ABB0F057-8D0A-46DA-8FDF-6A6659E7978F}.Release|Any CPU.Build.0 = Release|Any CPU
		{ABB0F057-8D0A-46DA-8FDF-6A6659E7978F}.Release|x64.ActiveCfg = Release|Any CPU
		{ABB0F057-8D0A-46DA-8FDF-6A6659E7978F}.Release|x64.Build.0 = Release|Any CPU
		{ABB0F057-8D0A-46DA-8FDF-6A6659E7978F}.Release|x86.ActiveCfg = Release|Any CPU
		{ABB0F057-8D0A-46DA-8FDF-6A6659E7978F}.Release|x86.Build.0 = Release|Any CPU
		{5E21FE4F-525A-445F-99A7-934C52DBF57F}.Debug|Any CPU.ActiveCfg = Debug|Any CPU
		{5E21FE4F-525A-445F-99A7-934C52DBF57F}.Debug|Any CPU.Build.0 = Debug|Any CPU
		{5E21FE4F-525A-445F-99A7-934C52DBF57F}.Debug|x64.ActiveCfg = Debug|Any CPU
		{5E21FE4F-525A-445F-99A7-934C52DBF57F}.Debug|x64.Build.0 = Debug|Any CPU
		{5E21FE4F-525A-445F-99A7-934C52DBF57F}.Debug|x86.ActiveCfg = Debug|Any CPU
		{5E21FE4F-525A-445F-99A7-934C52DBF57F}.Debug|x86.Build.0 = Debug|Any CPU
		{5E21FE4F-525A-445F-99A7-934C52DBF57F}.Release|Any CPU.ActiveCfg = Release|Any CPU
		{5E21FE4F-525A-445F-99A7-934C52DBF57F}.Release|Any CPU.Build.0 = Release|Any CPU
		{5E21FE4F-525A-445F-99A7-934C52DBF57F}.Release|x64.ActiveCfg = Release|Any CPU
		{5E21FE4F-525A-445F-99A7-934C52DBF57F}.Release|x64.Build.0 = Release|Any CPU
		{5E21FE4F-525A-445F-99A7-934C52DBF57F}.Release|x86.ActiveCfg = Release|Any CPU
		{5E21FE4F-525A-445F-99A7-934C52DBF57F}.Release|x86.Build.0 = Release|Any CPU
		{A4FF8F56-5CF2-4E4D-966C-3F1BF8B520DD}.Debug|Any CPU.ActiveCfg = Debug|Any CPU
		{A4FF8F56-5CF2-4E4D-966C-3F1BF8B520DD}.Debug|Any CPU.Build.0 = Debug|Any CPU
		{A4FF8F56-5CF2-4E4D-966C-3F1BF8B520DD}.Debug|x64.ActiveCfg = Debug|Any CPU
		{A4FF8F56-5CF2-4E4D-966C-3F1BF8B520DD}.Debug|x64.Build.0 = Debug|Any CPU
		{A4FF8F56-5CF2-4E4D-966C-3F1BF8B520DD}.Debug|x86.ActiveCfg = Debug|Any CPU
		{A4FF8F56-5CF2-4E4D-966C-3F1BF8B520DD}.Debug|x86.Build.0 = Debug|Any CPU
		{A4FF8F56-5CF2-4E4D-966C-3F1BF8B520DD}.Release|Any CPU.ActiveCfg = Release|Any CPU
		{A4FF8F56-5CF2-4E4D-966C-3F1BF8B520DD}.Release|Any CPU.Build.0 = Release|Any CPU
		{A4FF8F56-5CF2-4E4D-966C-3F1BF8B520DD}.Release|x64.ActiveCfg = Release|Any CPU
		{A4FF8F56-5CF2-4E4D-966C-3F1BF8B520DD}.Release|x64.Build.0 = Release|Any CPU
		{A4FF8F56-5CF2-4E4D-966C-3F1BF8B520DD}.Release|x86.ActiveCfg = Release|Any CPU
		{A4FF8F56-5CF2-4E4D-966C-3F1BF8B520DD}.Release|x86.Build.0 = Release|Any CPU
	EndGlobalSection
	GlobalSection(SolutionProperties) = preSolution
		HideSolutionNode = FALSE
	EndGlobalSection
	GlobalSection(NestedProjects) = preSolution
		{F27CF6EB-783F-4659-BDAB-88B80929078E} = {827E0CD3-B72D-47B6-A68D-7590B98EB39B}
		{E53E996D-1157-4394-B308-656FE8525329} = {0AB3BF05-4346-4AA6-1389-037BE0695223}
		{ADDDDD8C-6F5D-49A2-B1EF-12C48209AC1A} = {827E0CD3-B72D-47B6-A68D-7590B98EB39B}
		{ABB0F057-8D0A-46DA-8FDF-6A6659E7978F} = {0AB3BF05-4346-4AA6-1389-037BE0695223}
		{5E21FE4F-525A-445F-99A7-934C52DBF57F} = {827E0CD3-B72D-47B6-A68D-7590B98EB39B}
		{A4FF8F56-5CF2-4E4D-966C-3F1BF8B520DD} = {0AB3BF05-4346-4AA6-1389-037BE0695223}
	EndGlobalSection
EndGlobal
